
Microsoft Visual Studio Solution File, Format Version 12.00
# Visual Studio Version 16
VisualStudioVersion = 16.0.30804.86
MinimumVisualStudioVersion = 10.0.40219.1
Project("{888888A0-9F3D-457C-B088-3A5042F75D52}") = "ImageDilation", "ImageDilation\ImageDilation.pyproj", "{9DD06E51-25EF-449F-B119-D3A0442D8A25}"
EndProject
Global
	GlobalSection(SolutionConfigurationPlatforms) = preSolution
		Debug|Any CPU = Debug|Any CPU
		Release|Any CPU = Release|Any CPU
	EndGlobalSection
	GlobalSection(ProjectConfigurationPlatforms) = postSolution
		{9DD06E51-25EF-449F-B119-D3A0442D8A25}.Debug|Any CPU.ActiveCfg = Debug|Any CPU
		{9DD06E51-25EF-449F-B119-D3A0442D8A25}.Release|Any CPU.ActiveCfg = Release|Any CPU
	EndGlobalSection
	GlobalSection(SolutionProperties) = preSolution
		HideSolutionNode = FALSE
	EndGlobalSection
	GlobalSection(ExtensibilityGlobals) = postSolution
		SolutionGuid = {5C3CE2C4-33DF-4009-80EE-F1524947D25D}
	EndGlobalSection
EndGlobal
