
Microsoft Visual Studio Solution File, Format Version 12.00
# Visual Studio Version 16
VisualStudioVersion = 16.0.31321.278
MinimumVisualStudioVersion = 10.0.40219.1
Project("{888888A0-9F3D-457C-B088-3A5042F75D52}") = "Test2HoughLine", "Test2HoughLine\Test2HoughLine.pyproj", "{CD889DA0-1691-481B-9925-693F1B758681}"
EndProject
Global
	GlobalSection(SolutionConfigurationPlatforms) = preSolution
		Debug|Any CPU = Debug|Any CPU
		Release|Any CPU = Release|Any CPU
	EndGlobalSection
	GlobalSection(ProjectConfigurationPlatforms) = postSolution
		{CD889DA0-1691-481B-9925-693F1B758681}.Debug|Any CPU.ActiveCfg = Debug|Any CPU
		{CD889DA0-1691-481B-9925-693F1B758681}.Release|Any CPU.ActiveCfg = Release|Any CPU
	EndGlobalSection
	GlobalSection(SolutionProperties) = preSolution
		HideSolutionNode = FALSE
	EndGlobalSection
	GlobalSection(ExtensibilityGlobals) = postSolution
		SolutionGuid = {A1A67A6C-9DFE-4FD9-AA06-6F273A7398C0}
	EndGlobalSection
EndGlobal
