
Microsoft Visual Studio Solution File, Format Version 12.00
# Visual Studio Version 16
VisualStudioVersion = 16.0.30804.86
MinimumVisualStudioVersion = 10.0.40219.1
Project("{888888A0-9F3D-457C-B088-3A5042F75D52}") = "Summary", "Summary\Summary.pyproj", "{96067156-5543-4D29-9D1D-CA3AF49E52C0}"
EndProject
Global
	GlobalSection(SolutionConfigurationPlatforms) = preSolution
		Debug|Any CPU = Debug|Any CPU
		Release|Any CPU = Release|Any CPU
	EndGlobalSection
	GlobalSection(ProjectConfigurationPlatforms) = postSolution
		{96067156-5543-4D29-9D1D-CA3AF49E52C0}.Debug|Any CPU.ActiveCfg = Debug|Any CPU
		{96067156-5543-4D29-9D1D-CA3AF49E52C0}.Release|Any CPU.ActiveCfg = Release|Any CPU
	EndGlobalSection
	GlobalSection(SolutionProperties) = preSolution
		HideSolutionNode = FALSE
	EndGlobalSection
	GlobalSection(ExtensibilityGlobals) = postSolution
		SolutionGuid = {3D8F8C92-417F-4E3C-BD10-01E89A8E2B97}
	EndGlobalSection
EndGlobal
