
Microsoft Visual Studio Solution File, Format Version 12.00
# Visual Studio Version 16
VisualStudioVersion = 16.0.31129.286
MinimumVisualStudioVersion = 10.0.40219.1
Project("{888888A0-9F3D-457C-B088-3A5042F75D52}") = "TryDlib", "TryDlib\TryDlib.pyproj", "{61692B28-1403-4D13-9F9D-A92C6F125FE8}"
EndProject
Global
	GlobalSection(SolutionConfigurationPlatforms) = preSolution
		Debug|Any CPU = Debug|Any CPU
		Release|Any CPU = Release|Any CPU
	EndGlobalSection
	GlobalSection(ProjectConfigurationPlatforms) = postSolution
		{61692B28-1403-4D13-9F9D-A92C6F125FE8}.Debug|Any CPU.ActiveCfg = Debug|Any CPU
		{61692B28-1403-4D13-9F9D-A92C6F125FE8}.Release|Any CPU.ActiveCfg = Release|Any CPU
	EndGlobalSection
	GlobalSection(SolutionProperties) = preSolution
		HideSolutionNode = FALSE
	EndGlobalSection
	GlobalSection(ExtensibilityGlobals) = postSolution
		SolutionGuid = {2543A86A-6DF5-4B68-A0A8-E17F2895C546}
	EndGlobalSection
EndGlobal
