
Microsoft Visual Studio Solution File, Format Version 12.00
# Visual Studio Version 16
VisualStudioVersion = 16.0.31321.278
MinimumVisualStudioVersion = 10.0.40219.1
Project("{888888A0-9F3D-457C-B088-3A5042F75D52}") = "Titanic_DecisionTree", "Titanic_DecisionTree\Titanic_DecisionTree.pyproj", "{2A29B7C6-0D30-44CC-9140-48092F590779}"
EndProject
Global
	GlobalSection(SolutionConfigurationPlatforms) = preSolution
		Debug|Any CPU = Debug|Any CPU
		Release|Any CPU = Release|Any CPU
	EndGlobalSection
	GlobalSection(ProjectConfigurationPlatforms) = postSolution
		{2A29B7C6-0D30-44CC-9140-48092F590779}.Debug|Any CPU.ActiveCfg = Debug|Any CPU
		{2A29B7C6-0D30-44CC-9140-48092F590779}.Release|Any CPU.ActiveCfg = Release|Any CPU
	EndGlobalSection
	GlobalSection(SolutionProperties) = preSolution
		HideSolutionNode = FALSE
	EndGlobalSection
	GlobalSection(ExtensibilityGlobals) = postSolution
		SolutionGuid = {68B2B694-FDC3-4FC2-BB12-2F54885567F1}
	EndGlobalSection
EndGlobal
