
Microsoft Visual Studio Solution File, Format Version 12.00
# Visual Studio Version 16
VisualStudioVersion = 16.0.31205.134
MinimumVisualStudioVersion = 10.0.40219.1
Project("{888888A0-9F3D-457C-B088-3A5042F75D52}") = "TryLBPH", "TryLBPH\TryLBPH.pyproj", "{148CE484-1AAF-40AC-B4FE-BAEC3350B463}"
EndProject
Global
	GlobalSection(SolutionConfigurationPlatforms) = preSolution
		Debug|Any CPU = Debug|Any CPU
		Release|Any CPU = Release|Any CPU
	EndGlobalSection
	GlobalSection(ProjectConfigurationPlatforms) = postSolution
		{148CE484-1AAF-40AC-B4FE-BAEC3350B463}.Debug|Any CPU.ActiveCfg = Debug|Any CPU
		{148CE484-1AAF-40AC-B4FE-BAEC3350B463}.Release|Any CPU.ActiveCfg = Release|Any CPU
	EndGlobalSection
	GlobalSection(SolutionProperties) = preSolution
		HideSolutionNode = FALSE
	EndGlobalSection
	GlobalSection(ExtensibilityGlobals) = postSolution
		SolutionGuid = {F18D8288-3C3D-4240-827E-E450F43233AD}
	EndGlobalSection
EndGlobal
